
Microsoft Visual Studio Solution File, Format Version 12.00
# Visual Studio Version 17
VisualStudioVersion = 17.11.35219.272
MinimumVisualStudioVersion = 10.0.40219.1
Project("{FAE04EC0-301F-11D3-BF4B-00C04F79EFBC}") = "Baitap02", "Baitap02\Baitap02.csproj", "{B13A0AF4-1E1C-4F42-9EEA-F62B3D4131A6}"
EndProject
Global
	GlobalSection(SolutionConfigurationPlatforms) = preSolution
		Debug|Any CPU = Debug|Any CPU
		Release|Any CPU = Release|Any CPU
	EndGlobalSection
	GlobalSection(ProjectConfigurationPlatforms) = postSolution
		{B13A0AF4-1E1C-4F42-9EEA-F62B3D4131A6}.Debug|Any CPU.ActiveCfg = Debug|Any CPU
		{B13A0AF4-1E1C-4F42-9EEA-F62B3D4131A6}.Debug|Any CPU.Build.0 = Debug|Any CPU
		{B13A0AF4-1E1C-4F42-9EEA-F62B3D4131A6}.Release|Any CPU.ActiveCfg = Release|Any CPU
		{B13A0AF4-1E1C-4F42-9EEA-F62B3D4131A6}.Release|Any CPU.Build.0 = Release|Any CPU
	EndGlobalSection
	GlobalSection(SolutionProperties) = preSolution
		HideSolutionNode = FALSE
	EndGlobalSection
	GlobalSection(ExtensibilityGlobals) = postSolution
		SolutionGuid = {7351B429-86D0-4F0F-920D-A6C6E2385B22}
	EndGlobalSection
EndGlobal
