
Microsoft Visual Studio Solution File, Format Version 12.00
# Visual Studio Version 17
VisualStudioVersion = 17.11.35219.272
MinimumVisualStudioVersion = 10.0.40219.1
Project("{FAE04EC0-301F-11D3-BF4B-00C04F79EFBC}") = "Baitap03", "Baitap03\Baitap03.csproj", "{D72F3188-C0DE-4783-B23D-89B49191CAE6}"
EndProject
Global
	GlobalSection(SolutionConfigurationPlatforms) = preSolution
		Debug|Any CPU = Debug|Any CPU
		Release|Any CPU = Release|Any CPU
	EndGlobalSection
	GlobalSection(ProjectConfigurationPlatforms) = postSolution
		{D72F3188-C0DE-4783-B23D-89B49191CAE6}.Debug|Any CPU.ActiveCfg = Debug|Any CPU
		{D72F3188-C0DE-4783-B23D-89B49191CAE6}.Debug|Any CPU.Build.0 = Debug|Any CPU
		{D72F3188-C0DE-4783-B23D-89B49191CAE6}.Release|Any CPU.ActiveCfg = Release|Any CPU
		{D72F3188-C0DE-4783-B23D-89B49191CAE6}.Release|Any CPU.Build.0 = Release|Any CPU
	EndGlobalSection
	GlobalSection(SolutionProperties) = preSolution
		HideSolutionNode = FALSE
	EndGlobalSection
	GlobalSection(ExtensibilityGlobals) = postSolution
		SolutionGuid = {8D9586C9-E7E5-433F-AE78-AE679D8C150F}
	EndGlobalSection
EndGlobal
