
Microsoft Visual Studio Solution File, Format Version 12.00
# Visual Studio Version 17
VisualStudioVersion = 17.11.35219.272
MinimumVisualStudioVersion = 10.0.40219.1
Project("{FAE04EC0-301F-11D3-BF4B-00C04F79EFBC}") = "BaiKiemTra02", "BaiKiemTra02\BaiKiemTra02.csproj", "{1B8688BF-E728-4A97-B26F-8CEE6E14AEBD}"
EndProject
Global
	GlobalSection(SolutionConfigurationPlatforms) = preSolution
		Debug|Any CPU = Debug|Any CPU
		Release|Any CPU = Release|Any CPU
	EndGlobalSection
	GlobalSection(ProjectConfigurationPlatforms) = postSolution
		{1B8688BF-E728-4A97-B26F-8CEE6E14AEBD}.Debug|Any CPU.ActiveCfg = Debug|Any CPU
		{1B8688BF-E728-4A97-B26F-8CEE6E14AEBD}.Debug|Any CPU.Build.0 = Debug|Any CPU
		{1B8688BF-E728-4A97-B26F-8CEE6E14AEBD}.Release|Any CPU.ActiveCfg = Release|Any CPU
		{1B8688BF-E728-4A97-B26F-8CEE6E14AEBD}.Release|Any CPU.Build.0 = Release|Any CPU
	EndGlobalSection
	GlobalSection(SolutionProperties) = preSolution
		HideSolutionNode = FALSE
	EndGlobalSection
	GlobalSection(ExtensibilityGlobals) = postSolution
		SolutionGuid = {835C81F3-C076-424D-B9A1-70C5195FB7EA}
	EndGlobalSection
EndGlobal
