
Microsoft Visual Studio Solution File, Format Version 12.00
# Visual Studio Version 17
VisualStudioVersion = 17.11.35219.272
MinimumVisualStudioVersion = 10.0.40219.1
Project("{FAE04EC0-301F-11D3-BF4B-00C04F79EFBC}") = "BaiTapKiemTra01", "BaiTapKiemTra01\BaiTapKiemTra01.csproj", "{77427D62-E794-4CD4-AEAC-570BD295297D}"
EndProject
Global
	GlobalSection(SolutionConfigurationPlatforms) = preSolution
		Debug|Any CPU = Debug|Any CPU
		Release|Any CPU = Release|Any CPU
	EndGlobalSection
	GlobalSection(ProjectConfigurationPlatforms) = postSolution
		{77427D62-E794-4CD4-AEAC-570BD295297D}.Debug|Any CPU.ActiveCfg = Debug|Any CPU
		{77427D62-E794-4CD4-AEAC-570BD295297D}.Debug|Any CPU.Build.0 = Debug|Any CPU
		{77427D62-E794-4CD4-AEAC-570BD295297D}.Release|Any CPU.ActiveCfg = Release|Any CPU
		{77427D62-E794-4CD4-AEAC-570BD295297D}.Release|Any CPU.Build.0 = Release|Any CPU
	EndGlobalSection
	GlobalSection(SolutionProperties) = preSolution
		HideSolutionNode = FALSE
	EndGlobalSection
	GlobalSection(ExtensibilityGlobals) = postSolution
		SolutionGuid = {DD66BDF9-9844-4DCC-B574-3F90B6FE674E}
	EndGlobalSection
EndGlobal
